// !$*UTF8*$!
{
	archiveVersion = 1;
	classes = {
	};
	objectVersion = 55;
	objects = {

/* Begin PBXBuildFile section */
		74C4CCCC27A3F0BC00388B1E /* TheoPlayApp.swift in Sources */ = {isa = PBXBuildFile; fileRef = 74C4CCBC27A3F0B500388B1E /* TheoPlayApp.swift */; };
		74C4CCCD27A3F0BC00388B1E /* TheoPlayApp.swift in Sources */ = {isa = PBXBuildFile; fileRef = 74C4CCBC27A3F0B500388B1E /* TheoPlayApp.swift */; };
		74C4CCCE27A3F0BC00388B1E /* ContentView.swift in Sources */ = {isa = PBXBuildFile; fileRef = 74C4CCBD27A3F0B500388B1E /* ContentView.swift */; };
		74C4CCCF27A3F0BC00388B1E /* ContentView.swift in Sources */ = {isa = PBXBuildFile; fileRef = 74C4CCBD27A3F0B500388B1E /* ContentView.swift */; };
		74C4CCD027A3F0BC00388B1E /* Assets.xcassets in Resources */ = {isa = PBXBuildFile; fileRef = 74C4CCBE27A3F0BC00388B1E /* Assets.xcassets */; };
		74C4CCD127A3F0BC00388B1E /* Assets.xcassets in Resources */ = {isa = PBXBuildFile; fileRef = 74C4CCBE27A3F0BC00388B1E /* Assets.xcassets */; };
		74C4CCDC27A41B3700388B1E /* Color+Codable.swift in Sources */ = {isa = PBXBuildFile; fileRef = 74C4CCDB27A41B3700388B1E /* Color+Codable.swift */; };
		74C4CCDD27A41B3700388B1E /* Color+Codable.swift in Sources */ = {isa = PBXBuildFile; fileRef = 74C4CCDB27A41B3700388B1E /* Color+Codable.swift */; };
		74C4CCDF27A41B8100388B1E /* GroupActivity.swift in Sources */ = {isa = PBXBuildFile; fileRef = 74C4CCDE27A41B8100388B1E /* GroupActivity.swift */; };
		74C4CCE027A41B8100388B1E /* GroupActivity.swift in Sources */ = {isa = PBXBuildFile; fileRef = 74C4CCDE27A41B8100388B1E /* GroupActivity.swift */; };
		74C4CCE227A41BE800388B1E /* Model.swift in Sources */ = {isa = PBXBuildFile; fileRef = 74C4CCE127A41BE800388B1E /* Model.swift */; };
		74C4CCE327A41BE800388B1E /* Model.swift in Sources */ = {isa = PBXBuildFile; fileRef = 74C4CCE127A41BE800388B1E /* Model.swift */; };
/* End PBXBuildFile section */

/* Begin PBXFileReference section */
		74C4CCBC27A3F0B500388B1E /* TheoPlayApp.swift */ = {isa = PBXFileReference; lastKnownFileType = sourcecode.swift; path = TheoPlayApp.swift; sourceTree = "<group>"; };
		74C4CCBD27A3F0B500388B1E /* ContentView.swift */ = {isa = PBXFileReference; lastKnownFileType = sourcecode.swift; path = ContentView.swift; sourceTree = "<group>"; };
		74C4CCBE27A3F0BC00388B1E /* Assets.xcassets */ = {isa = PBXFileReference; lastKnownFileType = folder.assetcatalog; path = Assets.xcassets; sourceTree = "<group>"; };
		74C4CCC327A3F0BC00388B1E /* TheoPlay.app */ = {isa = PBXFileReference; explicitFileType = wrapper.application; includeInIndex = 0; path = TheoPlay.app; sourceTree = BUILT_PRODUCTS_DIR; };
		74C4CCC927A3F0BC00388B1E /* TheoPlay.app */ = {isa = PBXFileReference; explicitFileType = wrapper.application; includeInIndex = 0; path = TheoPlay.app; sourceTree = BUILT_PRODUCTS_DIR; };
		74C4CCCB27A3F0BC00388B1E /* macOS.entitlements */ = {isa = PBXFileReference; lastKnownFileType = text.plist.entitlements; path = macOS.entitlements; sourceTree = "<group>"; };
		74C4CCDA27A3F2C100388B1E /* TheoPlay (iOS).entitlements */ = {isa = PBXFileReference; lastKnownFileType = text.plist.entitlements; path = "TheoPlay (iOS).entitlements"; sourceTree = "<group>"; };
		74C4CCDB27A41B3700388B1E /* Color+Codable.swift */ = {isa = PBXFileReference; lastKnownFileType = sourcecode.swift; path = "Color+Codable.swift"; sourceTree = "<group>"; };
		74C4CCDE27A41B8100388B1E /* GroupActivity.swift */ = {isa = PBXFileReference; lastKnownFileType = sourcecode.swift; path = GroupActivity.swift; sourceTree = "<group>"; };
		74C4CCE127A41BE800388B1E /* Model.swift */ = {isa = PBXFileReference; lastKnownFileType = sourcecode.swift; path = Model.swift; sourceTree = "<group>"; };
/* End PBXFileReference section */

/* Begin PBXFrameworksBuildPhase section */
		74C4CCC027A3F0BC00388B1E /* Frameworks */ = {
			isa = PBXFrameworksBuildPhase;
			buildActionMask = 2147483647;
			files = (
			);
			runOnlyForDeploymentPostprocessing = 0;
		};
		74C4CCC627A3F0BC00388B1E /* Frameworks */ = {
			isa = PBXFrameworksBuildPhase;
			buildActionMask = 2147483647;
			files = (
			);
			runOnlyForDeploymentPostprocessing = 0;
		};
/* End PBXFrameworksBuildPhase section */

/* Begin PBXGroup section */
		74C4CCB627A3F0B500388B1E = {
			isa = PBXGroup;
			children = (
				74C4CCDA27A3F2C100388B1E /* TheoPlay (iOS).entitlements */,
				74C4CCBB27A3F0B500388B1E /* Shared */,
				74C4CCCA27A3F0BC00388B1E /* macOS */,
				74C4CCC427A3F0BC00388B1E /* Products */,
			);
			sourceTree = "<group>";
		};
		74C4CCBB27A3F0B500388B1E /* Shared */ = {
			isa = PBXGroup;
			children = (
				74C4CCBC27A3F0B500388B1E /* TheoPlayApp.swift */,
				74C4CCBD27A3F0B500388B1E /* ContentView.swift */,
				74C4CCE127A41BE800388B1E /* Model.swift */,
				74C4CCDE27A41B8100388B1E /* GroupActivity.swift */,
				74C4CCDB27A41B3700388B1E /* Color+Codable.swift */,
				74C4CCBE27A3F0BC00388B1E /* Assets.xcassets */,
			);
			path = Shared;
			sourceTree = "<group>";
		};
		74C4CCC427A3F0BC00388B1E /* Products */ = {
			isa = PBXGroup;
			children = (
				74C4CCC327A3F0BC00388B1E /* TheoPlay.app */,
				74C4CCC927A3F0BC00388B1E /* TheoPlay.app */,
			);
			name = Products;
			sourceTree = "<group>";
		};
		74C4CCCA27A3F0BC00388B1E /* macOS */ = {
			isa = PBXGroup;
			children = (
				74C4CCCB27A3F0BC00388B1E /* macOS.entitlements */,
			);
			path = macOS;
			sourceTree = "<group>";
		};
/* End PBXGroup section */

/* Begin PBXNativeTarget section */
		74C4CCC227A3F0BC00388B1E /* TheoPlay (iOS) */ = {
			isa = PBXNativeTarget;
			buildConfigurationList = 74C4CCD427A3F0BC00388B1E /* Build configuration list for PBXNativeTarget "TheoPlay (iOS)" */;
			buildPhases = (
				74C4CCBF27A3F0BC00388B1E /* Sources */,
				74C4CCC027A3F0BC00388B1E /* Frameworks */,
				74C4CCC127A3F0BC00388B1E /* Resources */,
			);
			buildRules = (
			);
			dependencies = (
			);
			name = "TheoPlay (iOS)";
			productName = "TheoPlay (iOS)";
			productReference = 74C4CCC327A3F0BC00388B1E /* TheoPlay.app */;
			productType = "com.apple.product-type.application";
		};
		74C4CCC827A3F0BC00388B1E /* TheoPlay (macOS) */ = {
			isa = PBXNativeTarget;
			buildConfigurationList = 74C4CCD727A3F0BC00388B1E /* Build configuration list for PBXNativeTarget "TheoPlay (macOS)" */;
			buildPhases = (
				74C4CCC527A3F0BC00388B1E /* Sources */,
				74C4CCC627A3F0BC00388B1E /* Frameworks */,
				74C4CCC727A3F0BC00388B1E /* Resources */,
			);
			buildRules = (
			);
			dependencies = (
			);
			name = "TheoPlay (macOS)";
			productName = "TheoPlay (macOS)";
			productReference = 74C4CCC927A3F0BC00388B1E /* TheoPlay.app */;
			productType = "com.apple.product-type.application";
		};
/* End PBXNativeTarget section */

/* Begin PBXProject section */
		74C4CCB727A3F0B500388B1E /* Project object */ = {
			isa = PBXProject;
			attributes = {
				BuildIndependentTargetsInParallel = 1;
				LastSwiftUpdateCheck = 1320;
				LastUpgradeCheck = 1320;
				TargetAttributes = {
					74C4CCC227A3F0BC00388B1E = {
						CreatedOnToolsVersion = 13.2.1;
					};
					74C4CCC827A3F0BC00388B1E = {
						CreatedOnToolsVersion = 13.2.1;
					};
				};
			};
			buildConfigurationList = 74C4CCBA27A3F0B500388B1E /* Build configuration list for PBXProject "TheoPlay" */;
			compatibilityVersion = "Xcode 13.0";
			developmentRegion = en;
			hasScannedForEncodings = 0;
			knownRegions = (
				en,
				Base,
			);
			mainGroup = 74C4CCB627A3F0B500388B1E;
			productRefGroup = 74C4CCC427A3F0BC00388B1E /* Products */;
			projectDirPath = "";
			projectRoot = "";
			targets = (
				74C4CCC227A3F0BC00388B1E /* TheoPlay (iOS) */,
				74C4CCC827A3F0BC00388B1E /* TheoPlay (macOS) */,
			);
		};
/* End PBXProject section */

/* Begin PBXResourcesBuildPhase section */
		74C4CCC127A3F0BC00388B1E /* Resources */ = {
			isa = PBXResourcesBuildPhase;
			buildActionMask = 2147483647;
			files = (
				74C4CCD027A3F0BC00388B1E /* Assets.xcassets in Resources */,
			);
			runOnlyForDeploymentPostprocessing = 0;
		};
		74C4CCC727A3F0BC00388B1E /* Resources */ = {
			isa = PBXResourcesBuildPhase;
			buildActionMask = 2147483647;
			files = (
				74C4CCD127A3F0BC00388B1E /* Assets.xcassets in Resources */,
			);
			runOnlyForDeploymentPostprocessing = 0;
		};
/* End PBXResourcesBuildPhase section */

/* Begin PBXSourcesBuildPhase section */
		74C4CCBF27A3F0BC00388B1E /* Sources */ = {
			isa = PBXSourcesBuildPhase;
			buildActionMask = 2147483647;
			files = (
				74C4CCE227A41BE800388B1E /* Model.swift in Sources */,
				74C4CCDF27A41B8100388B1E /* GroupActivity.swift in Sources */,
				74C4CCCE27A3F0BC00388B1E /* ContentView.swift in Sources */,
				74C4CCDC27A41B3700388B1E /* Color+Codable.swift in Sources */,
				74C4CCCC27A3F0BC00388B1E /* TheoPlayApp.swift in Sources */,
			);
			runOnlyForDeploymentPostprocessing = 0;
		};
		74C4CCC527A3F0BC00388B1E /* Sources */ = {
			isa = PBXSourcesBuildPhase;
			buildActionMask = 2147483647;
			files = (
				74C4CCE327A41BE800388B1E /* Model.swift in Sources */,
				74C4CCE027A41B8100388B1E /* GroupActivity.swift in Sources */,
				74C4CCCF27A3F0BC00388B1E /* ContentView.swift in Sources */,
				74C4CCDD27A41B3700388B1E /* Color+Codable.swift in Sources */,
				74C4CCCD27A3F0BC00388B1E /* TheoPlayApp.swift in Sources */,
			);
			runOnlyForDeploymentPostprocessing = 0;
		};
/* End PBXSourcesBuildPhase section */

/* Begin XCBuildConfiguration section */
		74C4CCD227A3F0BC00388B1E /* Debug */ = {
			isa = XCBuildConfiguration;
			buildSettings = {
				ALWAYS_SEARCH_USER_PATHS = NO;
				CLANG_ANALYZER_NONNULL = YES;
				CLANG_ANALYZER_NUMBER_OBJECT_CONVERSION = YES_AGGRESSIVE;
				CLANG_CXX_LANGUAGE_STANDARD = "gnu++17";
				CLANG_CXX_LIBRARY = "libc++";
				CLANG_ENABLE_MODULES = YES;
				CLANG_ENABLE_OBJC_ARC = YES;
				CLANG_ENABLE_OBJC_WEAK = YES;
				CLANG_WARN_BLOCK_CAPTURE_AUTORELEASING = YES;
				CLANG_WARN_BOOL_CONVERSION = YES;
				CLANG_WARN_COMMA = YES;
				CLANG_WARN_CONSTANT_CONVERSION = YES;
				CLANG_WARN_DEPRECATED_OBJC_IMPLEMENTATIONS = YES;
				CLANG_WARN_DIRECT_OBJC_ISA_USAGE = YES_ERROR;
				CLANG_WARN_DOCUMENTATION_COMMENTS = YES;
				CLANG_WARN_EMPTY_BODY = YES;
				CLANG_WARN_ENUM_CONVERSION = YES;
				CLANG_WARN_INFINITE_RECURSION = YES;
				CLANG_WARN_INT_CONVERSION = YES;
				CLANG_WARN_NON_LITERAL_NULL_CONVERSION = YES;
				CLANG_WARN_OBJC_IMPLICIT_RETAIN_SELF = YES;
				CLANG_WARN_OBJC_LITERAL_CONVERSION = YES;
				CLANG_WARN_OBJC_ROOT_CLASS = YES_ERROR;
				CLANG_WARN_QUOTED_INCLUDE_IN_FRAMEWORK_HEADER = YES;
				CLANG_WARN_RANGE_LOOP_ANALYSIS = YES;
				CLANG_WARN_STRICT_PROTOTYPES = YES;
				CLANG_WARN_SUSPICIOUS_MOVE = YES;
				CLANG_WARN_UNGUARDED_AVAILABILITY = YES_AGGRESSIVE;
				CLANG_WARN_UNREACHABLE_CODE = YES;
				CLANG_WARN__DUPLICATE_METHOD_MATCH = YES;
				COPY_PHASE_STRIP = NO;
				DEBUG_INFORMATION_FORMAT = dwarf;
				ENABLE_STRICT_OBJC_MSGSEND = YES;
				ENABLE_TESTABILITY = YES;
				GCC_C_LANGUAGE_STANDARD = gnu11;
				GCC_DYNAMIC_NO_PIC = NO;
				GCC_NO_COMMON_BLOCKS = YES;
				GCC_OPTIMIZATION_LEVEL = 0;
				GCC_PREPROCESSOR_DEFINITIONS = (
					"DEBUG=1",
					"$(inherited)",
				);
				GCC_WARN_64_TO_32_BIT_CONVERSION = YES;
				GCC_WARN_ABOUT_RETURN_TYPE = YES_ERROR;
				GCC_WARN_UNDECLARED_SELECTOR = YES;
				GCC_WARN_UNINITIALIZED_AUTOS = YES_AGGRESSIVE;
				GCC_WARN_UNUSED_FUNCTION = YES;
				GCC_WARN_UNUSED_VARIABLE = YES;
				MTL_ENABLE_DEBUG_INFO = INCLUDE_SOURCE;
				MTL_FAST_MATH = YES;
				ONLY_ACTIVE_ARCH = YES;
				SWIFT_ACTIVE_COMPILATION_CONDITIONS = DEBUG;
				SWIFT_OPTIMIZATION_LEVEL = "-Onone";
			};
			name = Debug;
		};
		74C4CCD327A3F0BC00388B1E /* Release */ = {
			isa = XCBuildConfiguration;
			buildSettings = {
				ALWAYS_SEARCH_USER_PATHS = NO;
				CLANG_ANALYZER_NONNULL = YES;
				CLANG_ANALYZER_NUMBER_OBJECT_CONVERSION = YES_AGGRESSIVE;
				CLANG_CXX_LANGUAGE_STANDARD = "gnu++17";
				CLANG_CXX_LIBRARY = "libc++";
				CLANG_ENABLE_MODULES = YES;
				CLANG_ENABLE_OBJC_ARC = YES;
				CLANG_ENABLE_OBJC_WEAK = YES;
				CLANG_WARN_BLOCK_CAPTURE_AUTORELEASING = YES;
				CLANG_WARN_BOOL_CONVERSION = YES;
				CLANG_WARN_COMMA = YES;
				CLANG_WARN_CONSTANT_CONVERSION = YES;
				CLANG_WARN_DEPRECATED_OBJC_IMPLEMENTATIONS = YES;
				CLANG_WARN_DIRECT_OBJC_ISA_USAGE = YES_ERROR;
				CLANG_WARN_DOCUMENTATION_COMMENTS = YES;
				CLANG_WARN_EMPTY_BODY = YES;
				CLANG_WARN_ENUM_CONVERSION = YES;
				CLANG_WARN_INFINITE_RECURSION = YES;
				CLANG_WARN_INT_CONVERSION = YES;
				CLANG_WARN_NON_LITERAL_NULL_CONVERSION = YES;
				CLANG_WARN_OBJC_IMPLICIT_RETAIN_SELF = YES;
				CLANG_WARN_OBJC_LITERAL_CONVERSION = YES;
				CLANG_WARN_OBJC_ROOT_CLASS = YES_ERROR;
				CLANG_WARN_QUOTED_INCLUDE_IN_FRAMEWORK_HEADER = YES;
				CLANG_WARN_RANGE_LOOP_ANALYSIS = YES;
				CLANG_WARN_STRICT_PROTOTYPES = YES;
				CLANG_WARN_SUSPICIOUS_MOVE = YES;
				CLANG_WARN_UNGUARDED_AVAILABILITY = YES_AGGRESSIVE;
				CLANG_WARN_UNREACHABLE_CODE = YES;
				CLANG_WARN__DUPLICATE_METHOD_MATCH = YES;
				COPY_PHASE_STRIP = NO;
				DEBUG_INFORMATION_FORMAT = "dwarf-with-dsym";
				ENABLE_NS_ASSERTIONS = NO;
				ENABLE_STRICT_OBJC_MSGSEND = YES;
				GCC_C_LANGUAGE_STANDARD = gnu11;
				GCC_NO_COMMON_BLOCKS = YES;
				GCC_WARN_64_TO_32_BIT_CONVERSION = YES;
				GCC_WARN_ABOUT_RETURN_TYPE = YES_ERROR;
				GCC_WARN_UNDECLARED_SELECTOR = YES;
				GCC_WARN_UNINITIALIZED_AUTOS = YES_AGGRESSIVE;
				GCC_WARN_UNUSED_FUNCTION = YES;
				GCC_WARN_UNUSED_VARIABLE = YES;
				MTL_ENABLE_DEBUG_INFO = NO;
				MTL_FAST_MATH = YES;
				SWIFT_COMPILATION_MODE = wholemodule;
				SWIFT_OPTIMIZATION_LEVEL = "-O";
			};
			name = Release;
		};
		74C4CCD527A3F0BC00388B1E /* Debug */ = {
			isa = XCBuildConfiguration;
			buildSettings = {
				ASSETCATALOG_COMPILER_APPICON_NAME = AppIcon;
				ASSETCATALOG_COMPILER_GLOBAL_ACCENT_COLOR_NAME = AccentColor;
				CODE_SIGN_ENTITLEMENTS = "TheoPlay (iOS).entitlements";
				CODE_SIGN_STYLE = Automatic;
				CURRENT_PROJECT_VERSION = 1;
				DEVELOPMENT_TEAM = 7TD9A665TC;
				ENABLE_PREVIEWS = YES;
				GENERATE_INFOPLIST_FILE = YES;
				INFOPLIST_KEY_UIApplicationSceneManifest_Generation = YES;
				INFOPLIST_KEY_UIApplicationSupportsIndirectInputEvents = YES;
				INFOPLIST_KEY_UILaunchScreen_Generation = YES;
				INFOPLIST_KEY_UISupportedInterfaceOrientations_iPad = "UIInterfaceOrientationPortrait UIInterfaceOrientationPortraitUpsideDown UIInterfaceOrientationLandscapeLeft UIInterfaceOrientationLandscapeRight";
				INFOPLIST_KEY_UISupportedInterfaceOrientations_iPhone = "UIInterfaceOrientationPortrait UIInterfaceOrientationLandscapeLeft UIInterfaceOrientationLandscapeRight";
				IPHONEOS_DEPLOYMENT_TARGET = 15.2;
				LD_RUNPATH_SEARCH_PATHS = (
					"$(inherited)",
					"@executable_path/Frameworks",
				);
				MARKETING_VERSION = 1.0;
				PRODUCT_BUNDLE_IDENTIFIER = com.theo.damiaan.TheoPlay;
				PRODUCT_NAME = TheoPlay;
				SDKROOT = iphoneos;
				SWIFT_EMIT_LOC_STRINGS = YES;
				SWIFT_VERSION = 5.0;
				TARGETED_DEVICE_FAMILY = "1,2";
			};
			name = Debug;
		};
		74C4CCD627A3F0BC00388B1E /* Release */ = {
			isa = XCBuildConfiguration;
			buildSettings = {
				ASSETCATALOG_COMPILER_APPICON_NAME = AppIcon;
				ASSETCATALOG_COMPILER_GLOBAL_ACCENT_COLOR_NAME = AccentColor;
				CODE_SIGN_ENTITLEMENTS = "TheoPlay (iOS).entitlements";
				CODE_SIGN_STYLE = Automatic;
				CURRENT_PROJECT_VERSION = 1;
				DEVELOPMENT_TEAM = 7TD9A665TC;
				ENABLE_PREVIEWS = YES;
				GENERATE_INFOPLIST_FILE = YES;
				INFOPLIST_KEY_UIApplicationSceneManifest_Generation = YES;
				INFOPLIST_KEY_UIApplicationSupportsIndirectInputEvents = YES;
				INFOPLIST_KEY_UILaunchScreen_Generation = YES;
				INFOPLIST_KEY_UISupportedInterfaceOrientations_iPad = "UIInterfaceOrientationPortrait UIInterfaceOrientationPortraitUpsideDown UIInterfaceOrientationLandscapeLeft UIInterfaceOrientationLandscapeRight";
				INFOPLIST_KEY_UISupportedInterfaceOrientations_iPhone = "UIInterfaceOrientationPortrait UIInterfaceOrientationLandscapeLeft UIInterfaceOrientationLandscapeRight";
				IPHONEOS_DEPLOYMENT_TARGET = 15.2;
				LD_RUNPATH_SEARCH_PATHS = (
					"$(inherited)",
					"@executable_path/Frameworks",
				);
				MARKETING_VERSION = 1.0;
				PRODUCT_BUNDLE_IDENTIFIER = com.theo.damiaan.TheoPlay;
				PRODUCT_NAME = TheoPlay;
				SDKROOT = iphoneos;
				SWIFT_EMIT_LOC_STRINGS = YES;
				SWIFT_VERSION = 5.0;
				TARGETED_DEVICE_FAMILY = "1,2";
				VALIDATE_PRODUCT = YES;
			};
			name = Release;
		};
		74C4CCD827A3F0BC00388B1E /* Debug */ = {
			isa = XCBuildConfiguration;
			buildSettings = {
				ASSETCATALOG_COMPILER_APPICON_NAME = AppIcon;
				ASSETCATALOG_COMPILER_GLOBAL_ACCENT_COLOR_NAME = AccentColor;
				CODE_SIGN_ENTITLEMENTS = macOS/macOS.entitlements;
				CODE_SIGN_STYLE = Automatic;
				COMBINE_HIDPI_IMAGES = YES;
				CURRENT_PROJECT_VERSION = 1;
				DEVELOPMENT_TEAM = 7TD9A665TC;
				ENABLE_HARDENED_RUNTIME = YES;
				ENABLE_PREVIEWS = YES;
				GENERATE_INFOPLIST_FILE = YES;
				INFOPLIST_KEY_NSHumanReadableCopyright = "";
				LD_RUNPATH_SEARCH_PATHS = (
					"$(inherited)",
					"@executable_path/../Frameworks",
				);
				MACOSX_DEPLOYMENT_TARGET = 12.1;
				MARKETING_VERSION = 1.0;
				PRODUCT_BUNDLE_IDENTIFIER = com.theo.damiaan.TheoPlay;
				PRODUCT_NAME = TheoPlay;
				SDKROOT = macosx;
				SWIFT_EMIT_LOC_STRINGS = YES;
				SWIFT_VERSION = 5.0;
			};
			name = Debug;
		};
		74C4CCD927A3F0BC00388B1E /* Release */ = {
			isa = XCBuildConfiguration;
			buildSettings = {
				ASSETCATALOG_COMPILER_APPICON_NAME = AppIcon;
				ASSETCATALOG_COMPILER_GLOBAL_ACCENT_COLOR_NAME = AccentColor;
				CODE_SIGN_ENTITLEMENTS = macOS/macOS.entitlements;
				CODE_SIGN_STYLE = Automatic;
				COMBINE_HIDPI_IMAGES = YES;
				CURRENT_PROJECT_VERSION = 1;
				DEVELOPMENT_TEAM = 7TD9A665TC;
				ENABLE_HARDENED_RUNTIME = YES;
				ENABLE_PREVIEWS = YES;
				GENERATE_INFOPLIST_FILE = YES;
				INFOPLIST_KEY_NSHumanReadableCopyright = "";
				LD_RUNPATH_SEARCH_PATHS = (
					"$(inherited)",
					"@executable_path/../Frameworks",
				);
				MACOSX_DEPLOYMENT_TARGET = 12.1;
				MARKETING_VERSION = 1.0;
				PRODUCT_BUNDLE_IDENTIFIER = com.theo.damiaan.TheoPlay;
				PRODUCT_NAME = TheoPlay;
				SDKROOT = macosx;
				SWIFT_EMIT_LOC_STRINGS = YES;
				SWIFT_VERSION = 5.0;
			};
			name = Release;
		};
/* End XCBuildConfiguration section */

/* Begin XCConfigurationList section */
		74C4CCBA27A3F0B500388B1E /* Build configuration list for PBXProject "TheoPlay" */ = {
			isa = XCConfigurationList;
			buildConfigurations = (
				74C4CCD227A3F0BC00388B1E /* Debug */,
				74C4CCD327A3F0BC00388B1E /* Release */,
			);
			defaultConfigurationIsVisible = 0;
			defaultConfigurationName = Release;
		};
		74C4CCD427A3F0BC00388B1E /* Build configuration list for PBXNativeTarget "TheoPlay (iOS)" */ = {
			isa = XCConfigurationList;
			buildConfigurations = (
				74C4CCD527A3F0BC00388B1E /* Debug */,
				74C4CCD627A3F0BC00388B1E /* Release */,
			);
			defaultConfigurationIsVisible = 0;
			defaultConfigurationName = Release;
		};
		74C4CCD727A3F0BC00388B1E /* Build configuration list for PBXNativeTarget "TheoPlay (macOS)" */ = {
			isa = XCConfigurationList;
			buildConfigurations = (
				74C4CCD827A3F0BC00388B1E /* Debug */,
				74C4CCD927A3F0BC00388B1E /* Release */,
			);
			defaultConfigurationIsVisible = 0;
			defaultConfigurationName = Release;
		};
/* End XCConfigurationList section */
	};
	rootObject = 74C4CCB727A3F0B500388B1E /* Project object */;
}
